<?xml version="1.0" encoding="utf-8"?>
<Project ToolsVersion="4.0" xmlns="http://schemas.microsoft.com/developer/msbuild/2003">
  <ItemGroup>
    <Filter Include="dataset">
      <UniqueIdentifier>{24e7966f-5d05-4ced-9c9a-4327f5608469}</UniqueIdentifier>
    </Filter>
    <Filter Include="dataset\node">
      <UniqueIdentifier>{e9c5e812-ebad-4c3f-9571-eaee00ef4034}</UniqueIdentifier>
    </Filter>
    <Filter Include="dataset\pin">
      <UniqueIdentifier>{ebc4660b-4a68-4d48-b16b-537b163073c7}</UniqueIdentifier>
    </Filter>
    <Filter Include="tools">
      <UniqueIdentifier>{25042d70-b7d5-4411-8baf-fe07348ae1ed}</UniqueIdentifier>
    </Filter>
    <Filter Include="tools\rtti">
      <UniqueIdentifier>{621295c3-0d10-4d27-9e53-e7f8badbe1ee}</UniqueIdentifier>
    </Filter>
    <Filter Include="view">
      <UniqueIdentifier>{a1c9ee28-44a5-4157-94de-5a8ec94aed89}</UniqueIdentifier>
    </Filter>
    <Filter Include="view\graph">
      <UniqueIdentifier>{22629b4b-230f-4516-a781-5fbf82d8bacb}</UniqueIdentifier>
    </Filter>
    <Filter Include="view\preview">
      <UniqueIdentifier>{4b7bdab1-3e91-43b5-bcd6-1d1d21278a3a}</UniqueIdentifier>
    </Filter>
    <Filter Include="tools\eval">
      <UniqueIdentifier>{0f5b1504-a4cd-436c-a792-b5dded993c56}</UniqueIdentifier>
    </Filter>
  </ItemGroup>
  <ItemGroup>
    <ClInclude Include="..\..\..\include\shaderlab\Node.h">
      <Filter>dataset\node</Filter>
    </ClInclude>
    <ClInclude Include="..\..\..\include\shaderlab\pin_cfg.h">
      <Filter>dataset\pin</Filter>
    </ClInclude>
    <ClInclude Include="..\..\..\include\shaderlab\PinType.h">
      <Filter>dataset\pin</Filter>
    </ClInclude>
    <ClInclude Include="..\..\..\include\shaderlab\PinCallback.h">
      <Filter>dataset\pin</Filter>
    </ClInclude>
    <ClInclude Include="..\..\..\include\shaderlab\node_regist_cfg.h">
      <Filter>tools\rtti</Filter>
    </ClInclude>
    <ClInclude Include="..\..\..\include\shaderlab\node_def_gen.h">
      <Filter>tools\rtti</Filter>
    </ClInclude>
    <ClInclude Include="..\..\..\include\shaderlab\node_rttr_gen.h">
      <Filter>tools\rtti</Filter>
    </ClInclude>
    <ClInclude Include="..\..\..\include\shaderlab\RegistNodes.h">
      <Filter>tools\rtti</Filter>
    </ClInclude>
    <ClInclude Include="..\..\..\include\shaderlab\WxGraphCanvas.h">
      <Filter>view\graph</Filter>
    </ClInclude>
    <ClInclude Include="..\..\..\include\shaderlab\WxGraphPage.h">
      <Filter>view\graph</Filter>
    </ClInclude>
    <ClInclude Include="..\..\..\include\shaderlab\PreviewPage.h">
      <Filter>view\preview</Filter>
    </ClInclude>
    <ClInclude Include="..\..\..\include\shaderlab\WxPreviewCanvas.h">
      <Filter>view\preview</Filter>
    </ClInclude>
    <ClInclude Include="..\..\..\include\shaderlab\ShaderLab.h" />
    <ClInclude Include="..\..\..\include\shaderlab\MessageID.h">
      <Filter>tools</Filter>
    </ClInclude>
    <ClInclude Include="..\..\..\include\shaderlab\Evaluator.h">
      <Filter>tools\eval</Filter>
    </ClInclude>
  </ItemGroup>
  <ItemGroup>
    <ClCompile Include="..\..\..\source\Node.cpp">
      <Filter>dataset\node</Filter>
    </ClCompile>
    <ClCompile Include="..\..\..\source\PinCallback.cpp">
      <Filter>dataset\pin</Filter>
    </ClCompile>
    <ClCompile Include="..\..\..\source\RegistNodes.cpp">
      <Filter>tools\rtti</Filter>
    </ClCompile>
    <ClCompile Include="..\..\..\source\WxGraphCanvas.cpp">
      <Filter>view\graph</Filter>
    </ClCompile>
    <ClCompile Include="..\..\..\source\WxGraphPage.cpp">
      <Filter>view\graph</Filter>
    </ClCompile>
    <ClCompile Include="..\..\..\source\PreviewPage.cpp">
      <Filter>view\preview</Filter>
    </ClCompile>
    <ClCompile Include="..\..\..\source\WxPreviewCanvas.cpp">
      <Filter>view\preview</Filter>
    </ClCompile>
    <ClCompile Include="..\..\..\source\ShaderLab.cpp" />
    <ClCompile Include="..\..\..\source\Evaluator.cpp">
      <Filter>tools\eval</Filter>
    </ClCompile>
  </ItemGroup>
</Project>