<?xml version="1.0" encoding="utf-8"?>
<Project ToolsVersion="4.0" xmlns="http://schemas.microsoft.com/developer/msbuild/2003">
  <ItemGroup>
    <Filter Include="dataset">
      <UniqueIdentifier>{24e7966f-5d05-4ced-9c9a-4327f5608469}</UniqueIdentifier>
    </Filter>
    <Filter Include="dataset\node">
      <UniqueIdentifier>{e9c5e812-ebad-4c3f-9571-eaee00ef4034}</UniqueIdentifier>
    </Filter>
    <Filter Include="dataset\pin">
      <UniqueIdentifier>{ebc4660b-4a68-4d48-b16b-537b163073c7}</UniqueIdentifier>
    </Filter>
    <Filter Include="tools">
      <UniqueIdentifier>{25042d70-b7d5-4411-8baf-fe07348ae1ed}</UniqueIdentifier>
    </Filter>
    <Filter Include="tools\rtti">
      <UniqueIdentifier>{621295c3-0d10-4d27-9e53-e7f8badbe1ee}</UniqueIdentifier>
    </Filter>
    <Filter Include="view">
      <UniqueIdentifier>{a1c9ee28-44a5-4157-94de-5a8ec94aed89}</UniqueIdentifier>
    </Filter>
    <Filter Include="view\graph">
      <UniqueIdentifier>{22629b4b-230f-4516-a781-5fbf82d8bacb}</UniqueIdentifier>
    </Filter>
    <Filter Include="view\preview">
      <UniqueIdentifier>{4b7bdab1-3e91-43b5-bcd6-1d1d21278a3a}</UniqueIdentifier>
    </Filter>
    <Filter Include="tools\eval">
      <UniqueIdentifier>{0f5b1504-a4cd-436c-a792-b5dded993c56}</UniqueIdentifier>
    </Filter>
    <Filter Include="tools\trans">
      <UniqueIdentifier>{ab3d4f85-a706-46cd-be0c-ec266832c277}</UniqueIdentifier>
    </Filter>
    <Filter Include="view\preview\viewer">
      <UniqueIdentifier>{9736a741-2e44-4ddc-83ca-04e1cb2aebbb}</UniqueIdentifier>
    </Filter>
    <Filter Include="view\toolbar">
      <UniqueIdentifier>{a7d60cef-8c19-4cfb-ae82-ad3253371a70}</UniqueIdentifier>
    </Filter>
    <Filter Include="nodes">
      <UniqueIdentifier>{83035d00-32ef-44e6-85c2-f7a1d6f8f643}</UniqueIdentifier>
    </Filter>
  </ItemGroup>
  <ItemGroup>
    <ClInclude Include="..\..\..\include\shaderlab\Node.h">
      <Filter>dataset\node</Filter>
    </ClInclude>
    <ClInclude Include="..\..\..\include\shaderlab\pin_cfg.h">
      <Filter>dataset\pin</Filter>
    </ClInclude>
    <ClInclude Include="..\..\..\include\shaderlab\PinType.h">
      <Filter>dataset\pin</Filter>
    </ClInclude>
    <ClInclude Include="..\..\..\include\shaderlab\PinCallback.h">
      <Filter>dataset\pin</Filter>
    </ClInclude>
    <ClInclude Include="..\..\..\include\shaderlab\node_regist_cfg.h">
      <Filter>tools\rtti</Filter>
    </ClInclude>
    <ClInclude Include="..\..\..\include\shaderlab\node_def_gen.h">
      <Filter>tools\rtti</Filter>
    </ClInclude>
    <ClInclude Include="..\..\..\include\shaderlab\node_rttr_gen.h">
      <Filter>tools\rtti</Filter>
    </ClInclude>
    <ClInclude Include="..\..\..\include\shaderlab\RegistNodes.h">
      <Filter>tools\rtti</Filter>
    </ClInclude>
    <ClInclude Include="..\..\..\include\shaderlab\WxGraphCanvas.h">
      <Filter>view\graph</Filter>
    </ClInclude>
    <ClInclude Include="..\..\..\include\shaderlab\WxGraphPage.h">
      <Filter>view\graph</Filter>
    </ClInclude>
    <ClInclude Include="..\..\..\include\shaderlab\PreviewPage.h">
      <Filter>view\preview</Filter>
    </ClInclude>
    <ClInclude Include="..\..\..\include\shaderlab\WxPreviewCanvas.h">
      <Filter>view\preview</Filter>
    </ClInclude>
    <ClInclude Include="..\..\..\include\shaderlab\ShaderLab.h" />
    <ClInclude Include="..\..\..\include\shaderlab\MessageID.h">
      <Filter>tools</Filter>
    </ClInclude>
    <ClInclude Include="..\..\..\include\shaderlab\Evaluator.h">
      <Filter>tools\eval</Filter>
    </ClInclude>
    <ClInclude Include="..\..\..\include\shaderlab\ShaderAdapter.h">
      <Filter>tools\trans</Filter>
    </ClInclude>
    <ClInclude Include="..\..\..\include\shaderlab\ImageViewer.h">
      <Filter>view\preview\viewer</Filter>
    </ClInclude>
    <ClInclude Include="..\..\..\include\shaderlab\HeightViewer.h">
      <Filter>view\preview\viewer</Filter>
    </ClInclude>
    <ClInclude Include="..\..\..\include\shaderlab\PreviewViewer.h">
      <Filter>view\preview</Filter>
    </ClInclude>
    <ClInclude Include="..\..\..\include\shaderlab\WxDefaultProperty.h">
      <Filter>view\toolbar</Filter>
    </ClInclude>
    <ClInclude Include="..\..\..\include\shaderlab\node\CustomBlock.h">
      <Filter>nodes</Filter>
    </ClInclude>
    <ClInclude Include="..\..\..\include\shaderlab\NodePreview.h">
      <Filter>dataset\node</Filter>
    </ClInclude>
    <ClInclude Include="..\..\..\include\shaderlab\node\Texture2DAsset.h">
      <Filter>nodes</Filter>
    </ClInclude>
    <ClInclude Include="..\..\..\include\shaderlab\node\SubGraph.h">
      <Filter>nodes</Filter>
    </ClInclude>
    <ClInclude Include="..\..\..\include\shaderlab\ConnectPinOP.h">
      <Filter>view\graph</Filter>
    </ClInclude>
    <ClInclude Include="..\..\..\include\shaderlab\ReflectPropTypes.h">
      <Filter>tools\rtti</Filter>
    </ClInclude>
    <ClInclude Include="..\..\..\include\shaderlab\ModelViewer.h">
      <Filter>view\preview\viewer</Filter>
    </ClInclude>
  </ItemGroup>
  <ItemGroup>
    <ClCompile Include="..\..\..\source\Node.cpp">
      <Filter>dataset\node</Filter>
    </ClCompile>
    <ClCompile Include="..\..\..\source\PinCallback.cpp">
      <Filter>dataset\pin</Filter>
    </ClCompile>
    <ClCompile Include="..\..\..\source\RegistNodes.cpp">
      <Filter>tools\rtti</Filter>
    </ClCompile>
    <ClCompile Include="..\..\..\source\WxGraphCanvas.cpp">
      <Filter>view\graph</Filter>
    </ClCompile>
    <ClCompile Include="..\..\..\source\WxGraphPage.cpp">
      <Filter>view\graph</Filter>
    </ClCompile>
    <ClCompile Include="..\..\..\source\PreviewPage.cpp">
      <Filter>view\preview</Filter>
    </ClCompile>
    <ClCompile Include="..\..\..\source\WxPreviewCanvas.cpp">
      <Filter>view\preview</Filter>
    </ClCompile>
    <ClCompile Include="..\..\..\source\ShaderLab.cpp" />
    <ClCompile Include="..\..\..\source\Evaluator.cpp">
      <Filter>tools\eval</Filter>
    </ClCompile>
    <ClCompile Include="..\..\..\source\ShaderAdapter.cpp">
      <Filter>tools\trans</Filter>
    </ClCompile>
    <ClCompile Include="..\..\..\source\ImageViewer.cpp">
      <Filter>view\preview\viewer</Filter>
    </ClCompile>
    <ClCompile Include="..\..\..\source\HeightViewer.cpp">
      <Filter>view\preview\viewer</Filter>
    </ClCompile>
    <ClCompile Include="..\..\..\source\WxDefaultProperty.cpp">
      <Filter>view\toolbar</Filter>
    </ClCompile>
    <ClCompile Include="..\..\..\source\NodePreview.cpp">
      <Filter>dataset\node</Filter>
    </ClCompile>
    <ClCompile Include="..\..\..\source\node\Texture2DAsset.cpp">
      <Filter>nodes</Filter>
    </ClCompile>
    <ClCompile Include="..\..\..\source\node\SubGraph.cpp">
      <Filter>nodes</Filter>
    </ClCompile>
    <ClCompile Include="..\..\..\source\ConnectPinOP.cpp">
      <Filter>view\graph</Filter>
    </ClCompile>
    <ClCompile Include="..\..\..\source\node\CustomBlock.cpp">
      <Filter>nodes</Filter>
    </ClCompile>
    <ClCompile Include="..\..\..\source\ReflectPropTypes.cpp">
      <Filter>tools\rtti</Filter>
    </ClCompile>
    <ClCompile Include="..\..\..\source\ModelViewer.cpp">
      <Filter>view\preview\viewer</Filter>
    </ClCompile>
  </ItemGroup>
</Project>